{
  "name": "test-ts",
  "version": "1.0.0",
  "lockfileVersion": 2,
  "requires": true,
  "packages": {
    "": {
      "version": "1.0.0",
      "license": "ISC",
      "devDependencies": {
        "concat-with-sourcemaps": "^1.1.0",
        "merge-source-maps": "^0.6.1",
        "typescript": "^4.3.5"
      }
    },
    "node_modules/ansi-regex": {
      "version": "5.0.0",
      "resolved": "https://packages.atlassian.com/api/npm/npm-remote/ansi-regex/-/ansi-regex-5.0.0.tgz",
      "integrity": "sha1-OIU59VF5vzkznIGvMKZU1p+Hy3U=",
      "dev": true,
      "license": "MIT",
      "engines": {
        "node": ">=8"
      }
    },
    "node_modules/ansi-styles": {
      "version": "4.3.0",
      "resolved": "https://packages.atlassian.com/api/npm/npm-remote/ansi-styles/-/ansi-styles-4.3.0.tgz",
      "integrity": "sha1-7dgDYornHATIWuegkG7a00tkiTc=",
      "dev": true,
      "license": "MIT",
      "dependencies": {
        "color-convert": "^2.0.1"
      },
      "engines": {
        "node": ">=8"
      },
      "funding": {
        "url": "https://github.com/chalk/ansi-styles?sponsor=1"
      }
    },
    "node_modules/cliui": {
      "version": "7.0.4",
      "resolved": "https://packages.atlassian.com/api/npm/npm-remote/cliui/-/cliui-7.0.4.tgz",
      "integrity": "sha1-oCZe5lVHb8gHrqnfPfjfd4OAi08=",
      "dev": true,
      "license": "ISC",
      "dependencies": {
        "string-width": "^4.2.0",
        "strip-ansi": "^6.0.0",
        "wrap-ansi": "^7.0.0"
      }
    },
    "node_modules/color-convert": {
      "version": "2.0.1",
      "resolved": "https://packages.atlassian.com/api/npm/npm-remote/color-convert/-/color-convert-2.0.1.tgz",
      "integrity": "sha1-ctOmjVmMm9s68q0ehPIdiWq9TeM=",
      "dev": true,
      "license": "MIT",
      "dependencies": {
        "color-name": "~1.1.4"
      },
      "engines": {
        "node": ">=7.0.0"
      }
    },
    "node_modules/color-name": {
      "version": "1.1.4",
      "resolved": "https://packages.atlassian.com/api/npm/npm-remote/color-name/-/color-name-1.1.4.tgz",
      "integrity": "sha1-wqCah6y95pVD3m9j+jmVyCbFNqI=",
      "dev": true,
      "license": "MIT"
    },
    "node_modules/concat-with-sourcemaps": {
      "version": "1.1.0",
      "resolved": "https://packages.atlassian.com/api/npm/npm-remote/concat-with-sourcemaps/-/concat-with-sourcemaps-1.1.0.tgz",
      "integrity": "sha1-1OqT8FriV5CVG5nns7CeOQikCC4=",
      "dev": true,
      "license": "ISC",
      "dependencies": {
        "source-map": "^0.6.1"
      }
    },
    "node_modules/emoji-regex": {
      "version": "8.0.0",
      "resolved": "https://packages.atlassian.com/api/npm/npm-remote/emoji-regex/-/emoji-regex-8.0.0.tgz",
      "integrity": "sha1-6Bj9ac5cz8tARZT4QpY79TFkzDc=",
      "dev": true,
      "license": "MIT"
    },
    "node_modules/escalade": {
      "version": "3.1.1",
      "resolved": "https://packages.atlassian.com/api/npm/npm-remote/escalade/-/escalade-3.1.1.tgz",
      "integrity": "sha1-2M/ccACWXFoBdLSoLqpcBVJ0LkA=",
      "dev": true,
      "license": "MIT",
      "engines": {
        "node": ">=6"
      }
    },
    "node_modules/get-caller-file": {
      "version": "2.0.5",
      "resolved": "https://packages.atlassian.com/api/npm/npm-remote/get-caller-file/-/get-caller-file-2.0.5.tgz",
      "integrity": "sha1-T5RBKoLbMvNuOwuXQfipf+sDH34=",
      "dev": true,
      "license": "ISC",
      "engines": {
        "node": "6.* || 8.* || >= 10.*"
      }
    },
    "node_modules/is-fullwidth-code-point": {
      "version": "3.0.0",
      "resolved": "https://packages.atlassian.com/api/npm/npm-remote/is-fullwidth-code-point/-/is-fullwidth-code-point-3.0.0.tgz",
      "integrity": "sha1-8Rb4Bk/pCz94RKOJl8C3UFEmnx0=",
      "dev": true,
      "license": "MIT",
      "engines": {
        "node": ">=8"
      }
    },
    "node_modules/merge-source-maps": {
      "version": "0.6.1",
      "resolved": "https://packages.atlassian.com/api/npm/npm-remote/merge-source-maps/-/merge-source-maps-0.6.1.tgz",
      "integrity": "sha1-4Poqfa1bs1J2ej+dTmPnVnHRR1U=",
      "dev": true,
      "license": "MIT",
      "dependencies": {
        "source-map": "^0.5.6",
        "underscore": "^1.8.3",
        "yargs": "^16.2.0"
      },
      "bin": {
        "merge-source-maps": "bin/merge-source-maps.js"
      }
    },
    "node_modules/merge-source-maps/node_modules/source-map": {
      "version": "0.5.7",
      "resolved": "https://packages.atlassian.com/api/npm/npm-remote/source-map/-/source-map-0.5.7.tgz",
      "integrity": "sha1-igOdLRAh0i0eoUyA2OpGi6LvP8w=",
      "dev": true,
      "license": "BSD-3-Clause",
      "engines": {
        "node": ">=0.10.0"
      }
    },
    "node_modules/require-directory": {
      "version": "2.1.1",
      "resolved": "https://packages.atlassian.com/api/npm/npm-remote/require-directory/-/require-directory-2.1.1.tgz",
      "integrity": "sha1-jGStX9MNqxyXbiNE/+f3kqam30I=",
      "dev": true,
      "license": "MIT",
      "engines": {
        "node": ">=0.10.0"
      }
    },
    "node_modules/source-map": {
      "version": "0.6.1",
      "resolved": "https://packages.atlassian.com/api/npm/npm-remote/source-map/-/source-map-0.6.1.tgz",
      "integrity": "sha1-dHIq8y6WFOnCh6jQu95IteLxomM=",
      "dev": true,
      "license": "BSD-3-Clause",
      "engines": {
        "node": ">=0.10.0"
      }
    },
    "node_modules/string-width": {
      "version": "4.2.2",
      "resolved": "https://packages.atlassian.com/api/npm/npm-remote/string-width/-/string-width-4.2.2.tgz",
      "integrity": "sha1-2v1PlVmnWFz7pSnGoKT3NIjr1MU=",
      "dev": true,
      "license": "MIT",
      "dependencies": {
        "emoji-regex": "^8.0.0",
        "is-fullwidth-code-point": "^3.0.0",
        "strip-ansi": "^6.0.0"
      },
      "engines": {
        "node": ">=8"
      }
    },
    "node_modules/strip-ansi": {
      "version": "6.0.0",
      "resolved": "https://packages.atlassian.com/api/npm/npm-remote/strip-ansi/-/strip-ansi-6.0.0.tgz",
      "integrity": "sha1-CxVx3XZpzNTz4G4U7x7tJiJa5TI=",
      "dev": true,
      "license": "MIT",
      "dependencies": {
        "ansi-regex": "^5.0.0"
      },
      "engines": {
        "node": ">=8"
      }
    },
    "node_modules/typescript": {
      "version": "4.3.5",
      "resolved": "https://packages.atlassian.com/api/npm/npm-remote/typescript/-/typescript-4.3.5.tgz",
      "integrity": "sha1-TRw3zBbok5c8RaBohrcRMjTxGfQ=",
      "dev": true,
      "license": "Apache-2.0",
      "bin": {
        "tsc": "bin/tsc",
        "tsserver": "bin/tsserver"
      },
      "engines": {
        "node": ">=4.2.0"
      }
    },
    "node_modules/underscore": {
      "version": "1.13.1",
      "resolved": "https://packages.atlassian.com/api/npm/npm-remote/underscore/-/underscore-1.13.1.tgz",
      "integrity": "sha1-DBxr0t9UtrafIxQGbWW2zeb8+dE=",
      "dev": true,
      "license": "MIT"
    },
    "node_modules/wrap-ansi": {
      "version": "7.0.0",
      "resolved": "https://packages.atlassian.com/api/npm/npm-remote/wrap-ansi/-/wrap-ansi-7.0.0.tgz",
      "integrity": "sha1-Z+FFz/UQpqaYS98RUpEdadLrnkM=",
      "dev": true,
      "license": "MIT",
      "dependencies": {
        "ansi-styles": "^4.0.0",
        "string-width": "^4.1.0",
        "strip-ansi": "^6.0.0"
      },
      "engines": {
        "node": ">=10"
      },
      "funding": {
        "url": "https://github.com/chalk/wrap-ansi?sponsor=1"
      }
    },
    "node_modules/y18n": {
      "version": "5.0.8",
      "resolved": "https://packages.atlassian.com/api/npm/npm-remote/y18n/-/y18n-5.0.8.tgz",
      "integrity": "sha1-f0k00PfKjFb5UxSTndzS3ZHOHVU=",
      "dev": true,
      "license": "ISC",
      "engines": {
        "node": ">=10"
      }
    },
    "node_modules/yargs": {
      "version": "16.2.0",
      "resolved": "https://packages.atlassian.com/api/npm/npm-remote/yargs/-/yargs-16.2.0.tgz",
      "integrity": "sha1-HIK/D2tqZur85+8w43b0mhJHf2Y=",
      "dev": true,
      "license": "MIT",
      "dependencies": {
        "cliui": "^7.0.2",
        "escalade": "^3.1.1",
        "get-caller-file": "^2.0.5",
        "require-directory": "^2.1.1",
        "string-width": "^4.2.0",
        "y18n": "^5.0.5",
        "yargs-parser": "^20.2.2"
      },
      "engines": {
        "node": ">=10"
      }
    },
    "node_modules/yargs-parser": {
      "version": "20.2.9",
      "resolved": "https://packages.atlassian.com/api/npm/npm-remote/yargs-parser/-/yargs-parser-20.2.9.tgz",
      "integrity": "sha1-LrfcOwKJcY/ClfNidThFxBoMlO4=",
      "dev": true,
      "license": "ISC",
      "engines": {
        "node": ">=10"
      }
    }
  },
  "dependencies": {
    "ansi-regex": {
      "version": "5.0.0",
      "resolved": "https://packages.atlassian.com/api/npm/npm-remote/ansi-regex/-/ansi-regex-5.0.0.tgz",
      "integrity": "sha1-OIU59VF5vzkznIGvMKZU1p+Hy3U=",
      "dev": true
    },
    "ansi-styles": {
      "version": "4.3.0",
      "resolved": "https://packages.atlassian.com/api/npm/npm-remote/ansi-styles/-/ansi-styles-4.3.0.tgz",
      "integrity": "sha1-7dgDYornHATIWuegkG7a00tkiTc=",
      "dev": true,
      "requires": {
        "color-convert": "^2.0.1"
      }
    },
    "cliui": {
      "version": "7.0.4",
      "resolved": "https://packages.atlassian.com/api/npm/npm-remote/cliui/-/cliui-7.0.4.tgz",
      "integrity": "sha1-oCZe5lVHb8gHrqnfPfjfd4OAi08=",
      "dev": true,
      "requires": {
        "string-width": "^4.2.0",
        "strip-ansi": "^6.0.0",
        "wrap-ansi": "^7.0.0"
      }
    },
    "color-convert": {
      "version": "2.0.1",
      "resolved": "https://packages.atlassian.com/api/npm/npm-remote/color-convert/-/color-convert-2.0.1.tgz",
      "integrity": "sha1-ctOmjVmMm9s68q0ehPIdiWq9TeM=",
      "dev": true,
      "requires": {
        "color-name": "~1.1.4"
      }
    },
    "color-name": {
      "version": "1.1.4",
      "resolved": "https://packages.atlassian.com/api/npm/npm-remote/color-name/-/color-name-1.1.4.tgz",
      "integrity": "sha1-wqCah6y95pVD3m9j+jmVyCbFNqI=",
      "dev": true
    },
    "concat-with-sourcemaps": {
      "version": "1.1.0",
      "resolved": "https://packages.atlassian.com/api/npm/npm-remote/concat-with-sourcemaps/-/concat-with-sourcemaps-1.1.0.tgz",
      "integrity": "sha1-1OqT8FriV5CVG5nns7CeOQikCC4=",
      "dev": true,
      "requires": {
        "source-map": "^0.6.1"
      }
    },
    "emoji-regex": {
      "version": "8.0.0",
      "resolved": "https://packages.atlassian.com/api/npm/npm-remote/emoji-regex/-/emoji-regex-8.0.0.tgz",
      "integrity": "sha1-6Bj9ac5cz8tARZT4QpY79TFkzDc=",
      "dev": true
    },
    "escalade": {
      "version": "3.1.1",
      "resolved": "https://packages.atlassian.com/api/npm/npm-remote/escalade/-/escalade-3.1.1.tgz",
      "integrity": "sha1-2M/ccACWXFoBdLSoLqpcBVJ0LkA=",
      "dev": true
    },
    "get-caller-file": {
      "version": "2.0.5",
      "resolved": "https://packages.atlassian.com/api/npm/npm-remote/get-caller-file/-/get-caller-file-2.0.5.tgz",
      "integrity": "sha1-T5RBKoLbMvNuOwuXQfipf+sDH34=",
      "dev": true
    },
    "is-fullwidth-code-point": {
      "version": "3.0.0",
      "resolved": "https://packages.atlassian.com/api/npm/npm-remote/is-fullwidth-code-point/-/is-fullwidth-code-point-3.0.0.tgz",
      "integrity": "sha1-8Rb4Bk/pCz94RKOJl8C3UFEmnx0=",
      "dev": true
    },
    "merge-source-maps": {
      "version": "0.6.1",
      "resolved": "https://packages.atlassian.com/api/npm/npm-remote/merge-source-maps/-/merge-source-maps-0.6.1.tgz",
      "integrity": "sha1-4Poqfa1bs1J2ej+dTmPnVnHRR1U=",
      "dev": true,
      "requires": {
        "source-map": "^0.5.6",
        "underscore": "^1.8.3",
        "yargs": "^16.2.0"
      },
      "dependencies": {
        "source-map": {
          "version": "0.5.7",
          "resolved": "https://packages.atlassian.com/api/npm/npm-remote/source-map/-/source-map-0.5.7.tgz",
          "integrity": "sha1-igOdLRAh0i0eoUyA2OpGi6LvP8w=",
          "dev": true
        }
      }
    },
    "require-directory": {
      "version": "2.1.1",
      "resolved": "https://packages.atlassian.com/api/npm/npm-remote/require-directory/-/require-directory-2.1.1.tgz",
      "integrity": "sha1-jGStX9MNqxyXbiNE/+f3kqam30I=",
      "dev": true
    },
    "source-map": {
      "version": "0.6.1",
      "resolved": "https://packages.atlassian.com/api/npm/npm-remote/source-map/-/source-map-0.6.1.tgz",
      "integrity": "sha1-dHIq8y6WFOnCh6jQu95IteLxomM=",
      "dev": true
    },
    "string-width": {
      "version": "4.2.2",
      "resolved": "https://packages.atlassian.com/api/npm/npm-remote/string-width/-/string-width-4.2.2.tgz",
      "integrity": "sha1-2v1PlVmnWFz7pSnGoKT3NIjr1MU=",
      "dev": true,
      "requires": {
        "emoji-regex": "^8.0.0",
        "is-fullwidth-code-point": "^3.0.0",
        "strip-ansi": "^6.0.0"
      }
    },
    "strip-ansi": {
      "version": "6.0.0",
      "resolved": "https://packages.atlassian.com/api/npm/npm-remote/strip-ansi/-/strip-ansi-6.0.0.tgz",
      "integrity": "sha1-CxVx3XZpzNTz4G4U7x7tJiJa5TI=",
      "dev": true,
      "requires": {
        "ansi-regex": "^5.0.0"
      }
    },
    "typescript": {
      "version": "4.3.5",
      "resolved": "https://packages.atlassian.com/api/npm/npm-remote/typescript/-/typescript-4.3.5.tgz",
      "integrity": "sha1-TRw3zBbok5c8RaBohrcRMjTxGfQ=",
      "dev": true
    },
    "underscore": {
      "version": "1.13.1",
      "resolved": "https://packages.atlassian.com/api/npm/npm-remote/underscore/-/underscore-1.13.1.tgz",
      "integrity": "sha1-DBxr0t9UtrafIxQGbWW2zeb8+dE=",
      "dev": true
    },
    "wrap-ansi": {
      "version": "7.0.0",
      "resolved": "https://packages.atlassian.com/api/npm/npm-remote/wrap-ansi/-/wrap-ansi-7.0.0.tgz",
      "integrity": "sha1-Z+FFz/UQpqaYS98RUpEdadLrnkM=",
      "dev": true,
      "requires": {
        "ansi-styles": "^4.0.0",
        "string-width": "^4.1.0",
        "strip-ansi": "^6.0.0"
      }
    },
    "y18n": {
      "version": "5.0.8",
      "resolved": "https://packages.atlassian.com/api/npm/npm-remote/y18n/-/y18n-5.0.8.tgz",
      "integrity": "sha1-f0k00PfKjFb5UxSTndzS3ZHOHVU=",
      "dev": true
    },
    "yargs": {
      "version": "16.2.0",
      "resolved": "https://packages.atlassian.com/api/npm/npm-remote/yargs/-/yargs-16.2.0.tgz",
      "integrity": "sha1-HIK/D2tqZur85+8w43b0mhJHf2Y=",
      "dev": true,
      "requires": {
        "cliui": "^7.0.2",
        "escalade": "^3.1.1",
        "get-caller-file": "^2.0.5",
        "require-directory": "^2.1.1",
        "string-width": "^4.2.0",
        "y18n": "^5.0.5",
        "yargs-parser": "^20.2.2"
      }
    },
    "yargs-parser": {
      "version": "20.2.9",
      "resolved": "https://packages.atlassian.com/api/npm/npm-remote/yargs-parser/-/yargs-parser-20.2.9.tgz",
      "integrity": "sha1-LrfcOwKJcY/ClfNidThFxBoMlO4=",
      "dev": true
    }
  }
}
